
Microsoft Visual Studio Solution File, Format Version 12.00
# Visual Studio Version 17
VisualStudioVersion = 17.4.33213.308
MinimumVisualStudioVersion = 10.0.40219.1
Project("{FAE04EC0-301F-11D3-BF4B-00C04F79EFBC}") = "OfficeApp", "OfficeApp\OfficeApp.csproj", "{15973A7F-06BF-4467-87CF-A3C7EAB77894}"
EndProject
Project("{FAE04EC0-301F-11D3-BF4B-00C04F79EFBC}") = "WebsiteEmulation", "WebsiteEmulation\WebsiteEmulation.csproj", "{9B22DE7E-6FD6-4890-9D46-61DE3097A417}"
EndProject
Global
	GlobalSection(SolutionConfigurationPlatforms) = preSolution
		Debug|Any CPU = Debug|Any CPU
		Release|Any CPU = Release|Any CPU
	EndGlobalSection
	GlobalSection(ProjectConfigurationPlatforms) = postSolution
		{15973A7F-06BF-4467-87CF-A3C7EAB77894}.Debug|Any CPU.ActiveCfg = Debug|Any CPU
		{15973A7F-06BF-4467-87CF-A3C7EAB77894}.Debug|Any CPU.Build.0 = Debug|Any CPU
		{15973A7F-06BF-4467-87CF-A3C7EAB77894}.Release|Any CPU.ActiveCfg = Release|Any CPU
		{15973A7F-06BF-4467-87CF-A3C7EAB77894}.Release|Any CPU.Build.0 = Release|Any CPU
		{9B22DE7E-6FD6-4890-9D46-61DE3097A417}.Debug|Any CPU.ActiveCfg = Debug|Any CPU
		{9B22DE7E-6FD6-4890-9D46-61DE3097A417}.Debug|Any CPU.Build.0 = Debug|Any CPU
		{9B22DE7E-6FD6-4890-9D46-61DE3097A417}.Release|Any CPU.ActiveCfg = Release|Any CPU
		{9B22DE7E-6FD6-4890-9D46-61DE3097A417}.Release|Any CPU.Build.0 = Release|Any CPU
	EndGlobalSection
	GlobalSection(SolutionProperties) = preSolution
		HideSolutionNode = FALSE
	EndGlobalSection
	GlobalSection(ExtensibilityGlobals) = postSolution
		SolutionGuid = {FB43D63B-893C-47A1-BF9D-6A36792B598D}
	EndGlobalSection
EndGlobal
